<?xml version="1.0" encoding="utf-8"?>
<Project ToolsVersion="4.0" xmlns="http://schemas.microsoft.com/developer/msbuild/2003">
  <ItemGroup>
    <Filter Include="Header Files">
      <UniqueIdentifier>{93995380-89BD-4b04-88EB-625FBE52EBFB}</UniqueIdentifier>
      <Extensions>h</Extensions>
    </Filter>
    <Filter Include="Form Files">
      <UniqueIdentifier>{99349809-55BA-4b9d-BF79-8FDBB0286EB3}</UniqueIdentifier>
      <Extensions>ui</Extensions>
    </Filter>
    <Filter Include="Resource Files">
      <UniqueIdentifier>{D9D6E242-F8AF-46E4-B9FD-80ECBC20BA3E}</UniqueIdentifier>
      <Extensions>qrc;*</Extensions>
      <ParseFiles>false</ParseFiles>
    </Filter>
    <Filter Include="Generated Files">
      <UniqueIdentifier>{71ED8ED8-ACB9-4CE9-BBE1-E00B30144E11}</UniqueIdentifier>
      <Extensions>moc;h;cpp</Extensions>
      <SourceControlFiles>False</SourceControlFiles>
    </Filter>
    <Filter Include="Generated Files\Debug">
      <UniqueIdentifier>{a9c9aa4f-a07a-4b74-80cc-3b09edf17722}</UniqueIdentifier>
      <Extensions>cpp;moc</Extensions>
      <SourceControlFiles>False</SourceControlFiles>
    </Filter>
    <Filter Include="Generated Files\Release">
      <UniqueIdentifier>{2055a9b7-78ab-4b1e-bfdd-6a2331aa9e85}</UniqueIdentifier>
      <Extensions>cpp;moc</Extensions>
      <SourceControlFiles>False</SourceControlFiles>
    </Filter>
    <Filter Include="资源文件">
      <UniqueIdentifier>{1e3a9d75-479d-4e42-841b-3d7a01fe343b}</UniqueIdentifier>
    </Filter>
    <Filter Include="tinyxml">
      <UniqueIdentifier>{36d61978-7107-4cbe-a264-e44aa50f6297}</UniqueIdentifier>
    </Filter>
    <Filter Include="Other Sources">
      <UniqueIdentifier>{371a520d-24d6-4f0b-9a63-77e219b5c8ea}</UniqueIdentifier>
    </Filter>
    <Filter Include="Source Files">
      <UniqueIdentifier>{4FC737F1-C7A5-4376-A066-2A32D752A2FF}</UniqueIdentifier>
      <Extensions>cpp;cxx;c;def</Extensions>
      <ParseFiles>true</ParseFiles>
    </Filter>
  </ItemGroup>
  <ItemGroup>
    <ClCompile Include="GeneratedFiles\qrc_demo004.cpp">
      <Filter>Generated Files</Filter>
    </ClCompile>
    <ClCompile Include="src\main.cpp">
      <Filter>资源文件</Filter>
    </ClCompile>
    <ClCompile Include="GeneratedFiles\Debug\moc_demo004.cpp">
      <Filter>Generated Files\Debug</Filter>
    </ClCompile>
    <ClCompile Include="GeneratedFiles\Release\moc_demo004.cpp">
      <Filter>Generated Files\Release</Filter>
    </ClCompile>
    <ClCompile Include="tinyxml\tinystr.cpp">
      <Filter>tinyxml</Filter>
    </ClCompile>
    <ClCompile Include="tinyxml\tinyxml.cpp">
      <Filter>tinyxml</Filter>
    </ClCompile>
    <ClCompile Include="tinyxml\tinyxmlerror.cpp">
      <Filter>tinyxml</Filter>
    </ClCompile>
    <ClCompile Include="tinyxml\tinyxmlparser.cpp">
      <Filter>tinyxml</Filter>
    </ClCompile>
    <ClCompile Include="src\AfCd_Win32.cpp">
      <Filter>Other Sources</Filter>
    </ClCompile>
    <ClCompile Include="src\demo004.cpp">
      <Filter>Other Sources</Filter>
    </ClCompile>
    <ClCompile Include="src\Source.cpp">
      <Filter>Other Sources</Filter>
    </ClCompile>
    <ClCompile Include="DlgSelect\DlgSelect.cpp">
      <Filter>Source Files</Filter>
    </ClCompile>
    <ClCompile Include="GeneratedFiles\Debug\moc_DlgSelect.cpp">
      <Filter>Generated Files\Debug</Filter>
    </ClCompile>
    <ClCompile Include="GeneratedFiles\Release\moc_DlgSelect.cpp">
      <Filter>Generated Files\Release</Filter>
    </ClCompile>
  </ItemGroup>
  <ItemGroup>
    <CustomBuild Include="demo004.ui">
      <Filter>Form Files</Filter>
    </CustomBuild>
    <CustomBuild Include="demo004.qrc">
      <Filter>Resource Files</Filter>
    </CustomBuild>
    <CustomBuild Include="src\demo004.h">
      <Filter>Header Files</Filter>
    </CustomBuild>
    <CustomBuild Include="DlgSelect\DlgSelect.h">
      <Filter>Header Files</Filter>
    </CustomBuild>
    <CustomBuild Include="DlgSelect\DlgSelect.ui">
      <Filter>Form Files</Filter>
    </CustomBuild>
  </ItemGroup>
  <ItemGroup>
    <ClInclude Include="GeneratedFiles\ui_demo004.h">
      <Filter>Generated Files</Filter>
    </ClInclude>
    <ClInclude Include="tinyxml\tinystr.h">
      <Filter>tinyxml</Filter>
    </ClInclude>
    <ClInclude Include="tinyxml\tinyxml.h">
      <Filter>tinyxml</Filter>
    </ClInclude>
    <ClInclude Include="src\AfCd.h">
      <Filter>Other Sources</Filter>
    </ClInclude>
    <ClInclude Include="src\AfTinyXml.h">
      <Filter>Other Sources</Filter>
    </ClInclude>
    <ClInclude Include="src\GBK.h">
      <Filter>Other Sources</Filter>
    </ClInclude>
    <ClInclude Include="src\Source.h">
      <Filter>Other Sources</Filter>
    </ClInclude>
    <ClInclude Include="GeneratedFiles\ui_DlgSelect.h">
      <Filter>Generated Files</Filter>
    </ClInclude>
  </ItemGroup>
</Project>