
Microsoft Visual Studio Solution File, Format Version 10.00
# Visual Studio 2008
Project("{8BC9CEB8-8B4A-11D0-8D11-00A0C91BC942}") = "Test11_1A", "Test11_1A.vcproj", "{2A6EED89-64C2-41EA-A138-3B316D0EBE32}"
EndProject
Global
	GlobalSection(SolutionConfigurationPlatforms) = preSolution
		Debug|Win32 = Debug|Win32
		Release|Win32 = Release|Win32
	EndGlobalSection
	GlobalSection(ProjectConfigurationPlatforms) = postSolution
		{2A6EED89-64C2-41EA-A138-3B316D0EBE32}.Debug|Win32.ActiveCfg = Debug|Win32
		{2A6EED89-64C2-41EA-A138-3B316D0EBE32}.Debug|Win32.Build.0 = Debug|Win32
		{2A6EED89-64C2-41EA-A138-3B316D0EBE32}.Release|Win32.ActiveCfg = Release|Win32
		{2A6EED89-64C2-41EA-A138-3B316D0EBE32}.Release|Win32.Build.0 = Release|Win32
	EndGlobalSection
	GlobalSection(SolutionProperties) = preSolution
		HideSolutionNode = FALSE
	EndGlobalSection
EndGlobal
